# This file is automatically @generated by Wally.
# It is not intended for manual editing.
registry = "test"

[[package]]
name = "mia/slap-battles-plugins"
version = "0.1.0"
dependencies = [["Jian", "miagobble/jian@0.1.1"], ["Seam", "miagobble/seam@0.5.6"]]

[[package]]
name = "miagobble/jian"
version = "0.1.1"
dependencies = []

[[package]]
name = "miagobble/seam"
version = "0.5.6"
dependencies = []
